
Microsoft Visual Studio Solution File, Format Version 12.00
Project("{FAE04EC0-301F-11D3-BF4B-00C04F79EFBC}") = "FintachartsDataFetcher.API", "FintachartsDataFetcher.API\FintachartsDataFetcher.API.csproj", "{E02BBE65-B64C-4D6B-87F3-6C381B38972E}"
EndProject
Project("{2150E333-8FDC-42A3-9474-1A3956D46DE8}") = "Solution Items", "Solution Items", "{14A884F3-1F87-4CBB-A382-DBAF2549CACB}"
	ProjectSection(SolutionItems) = preProject
		docker-compose.yml = docker-compose.yml
	EndProjectSection
EndProject
Global
	GlobalSection(SolutionConfigurationPlatforms) = preSolution
		Debug|Any CPU = Debug|Any CPU
		Release|Any CPU = Release|Any CPU
	EndGlobalSection
	GlobalSection(ProjectConfigurationPlatforms) = postSolution
		{E02BBE65-B64C-4D6B-87F3-6C381B38972E}.Debug|Any CPU.ActiveCfg = Debug|Any CPU
		{E02BBE65-B64C-4D6B-87F3-6C381B38972E}.Debug|Any CPU.Build.0 = Debug|Any CPU
		{E02BBE65-B64C-4D6B-87F3-6C381B38972E}.Release|Any CPU.ActiveCfg = Release|Any CPU
		{E02BBE65-B64C-4D6B-87F3-6C381B38972E}.Release|Any CPU.Build.0 = Release|Any CPU
	EndGlobalSection
EndGlobal
